
Microsoft Visual Studio Solution File, Format Version 10.00
# Visual Studio 2008
Project("{8BC9CEB8-8B4A-11D0-8D11-00A0C91BC942}") = "Fft_Ifft_OpenCV", "Fft_Ifft_OpenCV\Fft_Ifft_OpenCV.vcproj", "{A410CC77-F01C-4B5A-AA9E-094EF517D780}"
EndProject
Global
	GlobalSection(SolutionConfigurationPlatforms) = preSolution
		Debug|Win32 = Debug|Win32
		Release|Win32 = Release|Win32
	EndGlobalSection
	GlobalSection(ProjectConfigurationPlatforms) = postSolution
		{A410CC77-F01C-4B5A-AA9E-094EF517D780}.Debug|Win32.ActiveCfg = Debug|Win32
		{A410CC77-F01C-4B5A-AA9E-094EF517D780}.Debug|Win32.Build.0 = Debug|Win32
		{A410CC77-F01C-4B5A-AA9E-094EF517D780}.Release|Win32.ActiveCfg = Release|Win32
		{A410CC77-F01C-4B5A-AA9E-094EF517D780}.Release|Win32.Build.0 = Release|Win32
	EndGlobalSection
	GlobalSection(SolutionProperties) = preSolution
		HideSolutionNode = FALSE
	EndGlobalSection
EndGlobal
